{
  "version": "5",
  "specifiers": {
    "jsr:@std/yaml@*": "1.0.8",
    "npm:@types/node@*": "22.15.15"
  },
  "jsr": {
    "@std/yaml@1.0.8": {
      "integrity": "90b8aab62995e929fa0ea5f4151c287275b63e321ac375c35ff7406ca60c169d"
    }
  },
  "npm": {
    "@types/node@22.15.15": {
      "integrity": "sha512-R5muMcZob3/Jjchn5LcO8jdKwSCbzqmPB6ruBxMcf9kbxtniZHP327s6C37iOfuw8mbKK3cAQa7sEl7afLrQ8A==",
      "dependencies": [
        "undici-types"
      ]
    },
    "undici-types@6.21.0": {
      "integrity": "sha512-iwDZqg0QAGrg9Rav5H4n0M64c3mkR59cJ6wQp+7C4nI0gsmExaedaYLNO44eT4AtBBwjbTiGPMlt2Md0T9H9JQ=="
    }
  },
  "workspace": {
    "dependencies": [
      "jsr:@std/assert@1"
    ]
  }
}
